
Microsoft Visual Studio Solution File, Format Version 12.00
# Visual Studio Version 17
VisualStudioVersion = 17.1.32210.238
MinimumVisualStudioVersion = 10.0.40219.1
Project("{FAE04EC0-301F-11D3-BF4B-00C04F79EFBC}") = "Core", "Core\Core.csproj", "{97B70683-11BC-4150-9ACA-F2C3907D22A9}"
EndProject
Project("{FAE04EC0-301F-11D3-BF4B-00C04F79EFBC}") = "DAL", "DAL\DAL.csproj", "{891563DE-163E-4C06-BF56-16A1A841E443}"
EndProject
Project("{FAE04EC0-301F-11D3-BF4B-00C04F79EFBC}") = "Common", "Common\Common.csproj", "{CFC6E43A-4CC6-48A4-A932-BFB1D90737E4}"
EndProject
Project("{FAE04EC0-301F-11D3-BF4B-00C04F79EFBC}") = "BLL", "BLL\BLL.csproj", "{DD04A8D8-2F68-4525-97DE-6713B88364C5}"
EndProject
Project("{FAE04EC0-301F-11D3-BF4B-00C04F79EFBC}") = "MVC_UI", "MVC_UI\MVC_UI.csproj", "{AA88CED4-E495-435A-92F0-07F62980F595}"
EndProject
Global
	GlobalSection(SolutionConfigurationPlatforms) = preSolution
		Debug|Any CPU = Debug|Any CPU
		Release|Any CPU = Release|Any CPU
	EndGlobalSection
	GlobalSection(ProjectConfigurationPlatforms) = postSolution
		{97B70683-11BC-4150-9ACA-F2C3907D22A9}.Debug|Any CPU.ActiveCfg = Debug|Any CPU
		{97B70683-11BC-4150-9ACA-F2C3907D22A9}.Debug|Any CPU.Build.0 = Debug|Any CPU
		{97B70683-11BC-4150-9ACA-F2C3907D22A9}.Release|Any CPU.ActiveCfg = Release|Any CPU
		{97B70683-11BC-4150-9ACA-F2C3907D22A9}.Release|Any CPU.Build.0 = Release|Any CPU
		{891563DE-163E-4C06-BF56-16A1A841E443}.Debug|Any CPU.ActiveCfg = Debug|Any CPU
		{891563DE-163E-4C06-BF56-16A1A841E443}.Debug|Any CPU.Build.0 = Debug|Any CPU
		{891563DE-163E-4C06-BF56-16A1A841E443}.Release|Any CPU.ActiveCfg = Release|Any CPU
		{891563DE-163E-4C06-BF56-16A1A841E443}.Release|Any CPU.Build.0 = Release|Any CPU
		{CFC6E43A-4CC6-48A4-A932-BFB1D90737E4}.Debug|Any CPU.ActiveCfg = Debug|Any CPU
		{CFC6E43A-4CC6-48A4-A932-BFB1D90737E4}.Debug|Any CPU.Build.0 = Debug|Any CPU
		{CFC6E43A-4CC6-48A4-A932-BFB1D90737E4}.Release|Any CPU.ActiveCfg = Release|Any CPU
		{CFC6E43A-4CC6-48A4-A932-BFB1D90737E4}.Release|Any CPU.Build.0 = Release|Any CPU
		{DD04A8D8-2F68-4525-97DE-6713B88364C5}.Debug|Any CPU.ActiveCfg = Debug|Any CPU
		{DD04A8D8-2F68-4525-97DE-6713B88364C5}.Debug|Any CPU.Build.0 = Debug|Any CPU
		{DD04A8D8-2F68-4525-97DE-6713B88364C5}.Release|Any CPU.ActiveCfg = Release|Any CPU
		{DD04A8D8-2F68-4525-97DE-6713B88364C5}.Release|Any CPU.Build.0 = Release|Any CPU
		{AA88CED4-E495-435A-92F0-07F62980F595}.Debug|Any CPU.ActiveCfg = Debug|Any CPU
		{AA88CED4-E495-435A-92F0-07F62980F595}.Debug|Any CPU.Build.0 = Debug|Any CPU
		{AA88CED4-E495-435A-92F0-07F62980F595}.Release|Any CPU.ActiveCfg = Release|Any CPU
		{AA88CED4-E495-435A-92F0-07F62980F595}.Release|Any CPU.Build.0 = Release|Any CPU
	EndGlobalSection
	GlobalSection(SolutionProperties) = preSolution
		HideSolutionNode = FALSE
	EndGlobalSection
	GlobalSection(ExtensibilityGlobals) = postSolution
		SolutionGuid = {9524E233-0C2A-49AA-9E4A-5601BE592D9A}
	EndGlobalSection
EndGlobal
